
Microsoft Visual Studio Solution File, Format Version 12.00
# Visual Studio Version 17
VisualStudioVersion = 17.1.32421.90
MinimumVisualStudioVersion = 10.0.40219.1
Project("{9A19103F-16F7-4668-BE54-9A1E7A4F7556}") = "Entra21-TrabalhoWindowsForms", "Entra21-TrabalhoWindowsForms\Entra21-TrabalhoWindowsForms.csproj", "{47EFD058-5699-4B32-A287-840A7EE78171}"
EndProject
Project("{2150E333-8FDC-42A3-9474-1A3956D46DE8}") = "Solution Items", "Solution Items", "{7D0DAC91-5681-4A83-A6A3-11DED03780F3}"
EndProject
Global
	GlobalSection(SolutionConfigurationPlatforms) = preSolution
		Debug|Any CPU = Debug|Any CPU
		Release|Any CPU = Release|Any CPU
	EndGlobalSection
	GlobalSection(ProjectConfigurationPlatforms) = postSolution
		{47EFD058-5699-4B32-A287-840A7EE78171}.Debug|Any CPU.ActiveCfg = Debug|Any CPU
		{47EFD058-5699-4B32-A287-840A7EE78171}.Debug|Any CPU.Build.0 = Debug|Any CPU
		{47EFD058-5699-4B32-A287-840A7EE78171}.Release|Any CPU.ActiveCfg = Release|Any CPU
		{47EFD058-5699-4B32-A287-840A7EE78171}.Release|Any CPU.Build.0 = Release|Any CPU
	EndGlobalSection
	GlobalSection(SolutionProperties) = preSolution
		HideSolutionNode = FALSE
	EndGlobalSection
	GlobalSection(ExtensibilityGlobals) = postSolution
		SolutionGuid = {6EC80BB5-A5C6-45C0-AC52-85E54A3F2B0B}
	EndGlobalSection
EndGlobal
